{
  "name": "asp.net",
  "version": "1.0.0",
  "lockfileVersion": 1,
  "requires": true,
  "dependencies": {
    "@types/events": {
      "version": "1.1.0",
      "resolved": "https://registry.npmjs.org/@types/events/-/events-1.1.0.tgz",
      "integrity": "sha512-y3bR98mzYOo0pAZuiLari+cQyiKk3UXRuT45h1RjhfeCzqkjaVsfZJNaxdgtk7/3tzOm1ozLTqEqMP3VbI48jw==",
      "dev": true
    },
    "@types/jquery": {
      "version": "3.2.16",
      "resolved": "https://registry.npmjs.org/@types/jquery/-/jquery-3.2.16.tgz",
      "integrity": "sha512-q2WC02YxQoX2nY1HRKlYGHpGP1saPmD7GN0pwCDlTz35a4eOtJG+aHRlXyjCuXokUukSrR2aXyBhSW3j+jPc0A==",
      "dev": true
    },
    "@types/knockout": {
      "version": "3.4.47",
      "resolved": "https://registry.npmjs.org/@types/knockout/-/knockout-3.4.47.tgz",
      "integrity": "sha512-pZq4rs3YuV3Fk6Ss1Nt8mWV1/Uxrsvmc5Z0Iau22S9QL467YXXZ1IONMNZl/iKMgaa5G4xKZSHgSZ4N4EfRYXA==",
      "dev": true
    },
    "@types/node": {
      "version": "8.0.54",
      "resolved": "https://registry.npmjs.org/@types/node/-/node-8.0.54.tgz",
      "integrity": "sha512-qetMdTv3Ytz9u9ESLdcYs45LPI0mczYZIbC184n7kY0jczOqPNQsabBfVCh+na3B2shAfvC459JqHV771A8Rxg==",
      "dev": true,
      "requires": {
        "@types/events": "1.1.0"
      }
    },
    "knockout": {
      "version": "3.4.2",
      "resolved": "https://registry.npmjs.org/knockout/-/knockout-3.4.2.tgz",
      "integrity": "sha1-6HlY3netHpNvfOZFuri118RW2Tc="
    }
  }
}
